
Microsoft Visual Studio Solution File, Format Version 12.00
# Visual Studio 15
VisualStudioVersion = 15.0.28307.421
MinimumVisualStudioVersion = 10.0.40219.1
Project("{FAE04EC0-301F-11D3-BF4B-00C04F79EFBC}") = "ConfigManiac", "ConfigManiac\ConfigManiac.csproj", "{73717140-F8EA-400B-936B-47BC051A832C}"
EndProject
Global
	GlobalSection(SolutionConfigurationPlatforms) = preSolution
		Debug|Any CPU = Debug|Any CPU
		Release|Any CPU = Release|Any CPU
	EndGlobalSection
	GlobalSection(ProjectConfigurationPlatforms) = postSolution
		{73717140-F8EA-400B-936B-47BC051A832C}.Debug|Any CPU.ActiveCfg = Debug|Any CPU
		{73717140-F8EA-400B-936B-47BC051A832C}.Debug|Any CPU.Build.0 = Debug|Any CPU
		{73717140-F8EA-400B-936B-47BC051A832C}.Release|Any CPU.ActiveCfg = Release|Any CPU
		{73717140-F8EA-400B-936B-47BC051A832C}.Release|Any CPU.Build.0 = Release|Any CPU
	EndGlobalSection
	GlobalSection(SolutionProperties) = preSolution
		HideSolutionNode = FALSE
	EndGlobalSection
	GlobalSection(ExtensibilityGlobals) = postSolution
		SolutionGuid = {7493F349-6A9A-4923-8D50-04E1E5C1E252}
	EndGlobalSection
EndGlobal
